
Microsoft Visual Studio Solution File, Format Version 12.00
# Visual Studio Version 17
VisualStudioVersion = 17.13.35806.99 d17.13
MinimumVisualStudioVersion = 10.0.40219.1
Project("{FAE04EC0-301F-11D3-BF4B-00C04F79EFBC}") = "Revisando Variaveis", "Revisando Variaveis.csproj", "{7401680C-64BF-41A7-A1A8-3B94A1B2C892}"
EndProject
Global
	GlobalSection(SolutionConfigurationPlatforms) = preSolution
		Debug|Any CPU = Debug|Any CPU
		Release|Any CPU = Release|Any CPU
	EndGlobalSection
	GlobalSection(ProjectConfigurationPlatforms) = postSolution
		{7401680C-64BF-41A7-A1A8-3B94A1B2C892}.Debug|Any CPU.ActiveCfg = Debug|Any CPU
		{7401680C-64BF-41A7-A1A8-3B94A1B2C892}.Debug|Any CPU.Build.0 = Debug|Any CPU
		{7401680C-64BF-41A7-A1A8-3B94A1B2C892}.Release|Any CPU.ActiveCfg = Release|Any CPU
		{7401680C-64BF-41A7-A1A8-3B94A1B2C892}.Release|Any CPU.Build.0 = Release|Any CPU
	EndGlobalSection
	GlobalSection(SolutionProperties) = preSolution
		HideSolutionNode = FALSE
	EndGlobalSection
	GlobalSection(ExtensibilityGlobals) = postSolution
		SolutionGuid = {4F6BD78D-2404-4853-BD2B-6E1D31AF768E}
	EndGlobalSection
EndGlobal
